// !$*UTF8*$!
{
	archiveVersion = 1;
	classes = {
	};
	objectVersion = 46;
	objects = {

/* Begin PBXBuildFile section */
		96678E0A15DB253D000C3B8B /* UIKit.framework in Frameworks */ = {isa = PBXBuildFile; fileRef = 96678E0915DB253D000C3B8B /* UIKit.framework */; };
		96678E0C15DB253D000C3B8B /* Foundation.framework in Frameworks */ = {isa = PBXBuildFile; fileRef = 96678E0B15DB253D000C3B8B /* Foundation.framework */; };
		96678E0E15DB253D000C3B8B /* CoreGraphics.framework in Frameworks */ = {isa = PBXBuildFile; fileRef = 96678E0D15DB253D000C3B8B /* CoreGraphics.framework */; };
		96678E1415DB253D000C3B8B /* InfoPlist.strings in Resources */ = {isa = PBXBuildFile; fileRef = 96678E1215DB253D000C3B8B /* InfoPlist.strings */; };
		96678E1615DB253D000C3B8B /* main.m in Sources */ = {isa = PBXBuildFile; fileRef = 96678E1515DB253D000C3B8B /* main.m */; };
		96678E1A15DB253D000C3B8B /* AppDelegate.m in Sources */ = {isa = PBXBuildFile; fileRef = 96678E1915DB253D000C3B8B /* AppDelegate.m */; };
		96678E1D15DB253D000C3B8B /* ViewController.m in Sources */ = {isa = PBXBuildFile; fileRef = 96678E1C15DB253D000C3B8B /* ViewController.m */; };
		96678E2015DB253D000C3B8B /* ViewController.xib in Resources */ = {isa = PBXBuildFile; fileRef = 96678E1E15DB253D000C3B8B /* ViewController.xib */; };
/* End PBXBuildFile section */

/* Begin PBXFileReference section */
		96678E0515DB253D000C3B8B /* RestKitProjects.app */ = {isa = PBXFileReference; explicitFileType = wrapper.application; includeInIndex = 0; path = RestKitProjects.app; sourceTree = BUILT_PRODUCTS_DIR; };
		96678E0915DB253D000C3B8B /* UIKit.framework */ = {isa = PBXFileReference; lastKnownFileType = wrapper.framework; name = UIKit.framework; path = System/Library/Frameworks/UIKit.framework; sourceTree = SDKROOT; };
		96678E0B15DB253D000C3B8B /* Foundation.framework */ = {isa = PBXFileReference; lastKnownFileType = wrapper.framework; name = Foundation.framework; path = System/Library/Frameworks/Foundation.framework; sourceTree = SDKROOT; };
		96678E0D15DB253D000C3B8B /* CoreGraphics.framework */ = {isa = PBXFileReference; lastKnownFileType = wrapper.framework; name = CoreGraphics.framework; path = System/Library/Frameworks/CoreGraphics.framework; sourceTree = SDKROOT; };
		96678E1115DB253D000C3B8B /* RestKitProjects-Info.plist */ = {isa = PBXFileReference; lastKnownFileType = text.plist.xml; path = "RestKitProjects-Info.plist"; sourceTree = "<group>"; };
		96678E1315DB253D000C3B8B /* en */ = {isa = PBXFileReference; lastKnownFileType = text.plist.strings; name = en; path = en.lproj/InfoPlist.strings; sourceTree = "<group>"; };
		96678E1515DB253D000C3B8B /* main.m */ = {isa = PBXFileReference; lastKnownFileType = sourcecode.c.objc; path = main.m; sourceTree = "<group>"; };
		96678E1715DB253D000C3B8B /* RestKitProjects-Prefix.pch */ = {isa = PBXFileReference; lastKnownFileType = sourcecode.c.h; path = "RestKitProjects-Prefix.pch"; sourceTree = "<group>"; };
		96678E1815DB253D000C3B8B /* AppDelegate.h */ = {isa = PBXFileReference; lastKnownFileType = sourcecode.c.h; path = AppDelegate.h; sourceTree = "<group>"; };
		96678E1915DB253D000C3B8B /* AppDelegate.m */ = {isa = PBXFileReference; lastKnownFileType = sourcecode.c.objc; path = AppDelegate.m; sourceTree = "<group>"; };
		96678E1B15DB253D000C3B8B /* ViewController.h */ = {isa = PBXFileReference; lastKnownFileType = sourcecode.c.h; path = ViewController.h; sourceTree = "<group>"; };
		96678E1C15DB253D000C3B8B /* ViewController.m */ = {isa = PBXFileReference; lastKnownFileType = sourcecode.c.objc; path = ViewController.m; sourceTree = "<group>"; };
		96678E1F15DB253D000C3B8B /* en */ = {isa = PBXFileReference; lastKnownFileType = file.xib; name = en; path = en.lproj/ViewController.xib; sourceTree = "<group>"; };
/* End PBXFileReference section */

/* Begin PBXFrameworksBuildPhase section */
		96678E0215DB253D000C3B8B /* Frameworks */ = {
			isa = PBXFrameworksBuildPhase;
			buildActionMask = 2147483647;
			files = (
				96678E0A15DB253D000C3B8B /* UIKit.framework in Frameworks */,
				96678E0C15DB253D000C3B8B /* Foundation.framework in Frameworks */,
				96678E0E15DB253D000C3B8B /* CoreGraphics.framework in Frameworks */,
			);
			runOnlyForDeploymentPostprocessing = 0;
		};
/* End PBXFrameworksBuildPhase section */

/* Begin PBXGroup section */
		96678DFA15DB253D000C3B8B = {
			isa = PBXGroup;
			children = (
				96678E0F15DB253D000C3B8B /* RestKitProjects */,
				96678E0815DB253D000C3B8B /* Frameworks */,
				96678E0615DB253D000C3B8B /* Products */,
			);
			sourceTree = "<group>";
		};
		96678E0615DB253D000C3B8B /* Products */ = {
			isa = PBXGroup;
			children = (
				96678E0515DB253D000C3B8B /* RestKitProjects.app */,
			);
			name = Products;
			sourceTree = "<group>";
		};
		96678E0815DB253D000C3B8B /* Frameworks */ = {
			isa = PBXGroup;
			children = (
				96678E0915DB253D000C3B8B /* UIKit.framework */,
				96678E0B15DB253D000C3B8B /* Foundation.framework */,
				96678E0D15DB253D000C3B8B /* CoreGraphics.framework */,
			);
			name = Frameworks;
			sourceTree = "<group>";
		};
		96678E0F15DB253D000C3B8B /* RestKitProjects */ = {
			isa = PBXGroup;
			children = (
				96678E1815DB253D000C3B8B /* AppDelegate.h */,
				96678E1915DB253D000C3B8B /* AppDelegate.m */,
				96678E1B15DB253D000C3B8B /* ViewController.h */,
				96678E1C15DB253D000C3B8B /* ViewController.m */,
				96678E1E15DB253D000C3B8B /* ViewController.xib */,
				96678E1015DB253D000C3B8B /* Supporting Files */,
			);
			path = RestKitProjects;
			sourceTree = "<group>";
		};
		96678E1015DB253D000C3B8B /* Supporting Files */ = {
			isa = PBXGroup;
			children = (
				96678E1115DB253D000C3B8B /* RestKitProjects-Info.plist */,
				96678E1215DB253D000C3B8B /* InfoPlist.strings */,
				96678E1515DB253D000C3B8B /* main.m */,
				96678E1715DB253D000C3B8B /* RestKitProjects-Prefix.pch */,
			);
			name = "Supporting Files";
			sourceTree = "<group>";
		};
/* End PBXGroup section */

/* Begin PBXNativeTarget section */
		96678E0415DB253D000C3B8B /* RestKitProjects */ = {
			isa = PBXNativeTarget;
			buildConfigurationList = 96678E2315DB253D000C3B8B /* Build configuration list for PBXNativeTarget "RestKitProjects" */;
			buildPhases = (
				96678E0115DB253D000C3B8B /* Sources */,
				96678E0215DB253D000C3B8B /* Frameworks */,
				96678E0315DB253D000C3B8B /* Resources */,
			);
			buildRules = (
			);
			dependencies = (
			);
			name = RestKitProjects;
			productName = RestKitProjects;
			productReference = 96678E0515DB253D000C3B8B /* RestKitProjects.app */;
			productType = "com.apple.product-type.application";
		};
/* End PBXNativeTarget section */

/* Begin PBXProject section */
		96678DFC15DB253D000C3B8B /* Project object */ = {
			isa = PBXProject;
			attributes = {
				LastUpgradeCheck = 0440;
				ORGANIZATIONNAME = "Rose CW";
			};
			buildConfigurationList = 96678DFF15DB253D000C3B8B /* Build configuration list for PBXProject "RestKitProjects" */;
			compatibilityVersion = "Xcode 3.2";
			developmentRegion = English;
			hasScannedForEncodings = 0;
			knownRegions = (
				en,
			);
			mainGroup = 96678DFA15DB253D000C3B8B;
			productRefGroup = 96678E0615DB253D000C3B8B /* Products */;
			projectDirPath = "";
			projectRoot = "";
			targets = (
				96678E0415DB253D000C3B8B /* RestKitProjects */,
			);
		};
/* End PBXProject section */

/* Begin PBXResourcesBuildPhase section */
		96678E0315DB253D000C3B8B /* Resources */ = {
			isa = PBXResourcesBuildPhase;
			buildActionMask = 2147483647;
			files = (
				96678E1415DB253D000C3B8B /* InfoPlist.strings in Resources */,
				96678E2015DB253D000C3B8B /* ViewController.xib in Resources */,
			);
			runOnlyForDeploymentPostprocessing = 0;
		};
/* End PBXResourcesBuildPhase section */

/* Begin PBXSourcesBuildPhase section */
		96678E0115DB253D000C3B8B /* Sources */ = {
			isa = PBXSourcesBuildPhase;
			buildActionMask = 2147483647;
			files = (
				96678E1615DB253D000C3B8B /* main.m in Sources */,
				96678E1A15DB253D000C3B8B /* AppDelegate.m in Sources */,
				96678E1D15DB253D000C3B8B /* ViewController.m in Sources */,
			);
			runOnlyForDeploymentPostprocessing = 0;
		};
/* End PBXSourcesBuildPhase section */

/* Begin PBXVariantGroup section */
		96678E1215DB253D000C3B8B /* InfoPlist.strings */ = {
			isa = PBXVariantGroup;
			children = (
				96678E1315DB253D000C3B8B /* en */,
			);
			name = InfoPlist.strings;
			sourceTree = "<group>";
		};
		96678E1E15DB253D000C3B8B /* ViewController.xib */ = {
			isa = PBXVariantGroup;
			children = (
				96678E1F15DB253D000C3B8B /* en */,
			);
			name = ViewController.xib;
			sourceTree = "<group>";
		};
/* End PBXVariantGroup section */

/* Begin XCBuildConfiguration section */
		96678E2115DB253D000C3B8B /* Debug */ = {
			isa = XCBuildConfiguration;
			buildSettings = {
				ALWAYS_SEARCH_USER_PATHS = NO;
				ARCHS = "$(ARCHS_STANDARD_32_BIT)";
				CLANG_CXX_LANGUAGE_STANDARD = "gnu++0x";
				CLANG_ENABLE_OBJC_ARC = YES;
				CLANG_WARN__DUPLICATE_METHOD_MATCH = YES;
				"CODE_SIGN_IDENTITY[sdk=iphoneos*]" = "iPhone Developer";
				COPY_PHASE_STRIP = NO;
				GCC_C_LANGUAGE_STANDARD = gnu99;
				GCC_DYNAMIC_NO_PIC = NO;
				GCC_OPTIMIZATION_LEVEL = 0;
				GCC_PREPROCESSOR_DEFINITIONS = (
					"DEBUG=1",
					"$(inherited)",
				);
				GCC_SYMBOLS_PRIVATE_EXTERN = NO;
				GCC_VERSION = com.apple.compilers.llvm.clang.1_0;
				GCC_WARN_ABOUT_RETURN_TYPE = YES;
				GCC_WARN_UNINITIALIZED_AUTOS = YES;
				GCC_WARN_UNUSED_VARIABLE = YES;
				IPHONEOS_DEPLOYMENT_TARGET = 5.1;
				SDKROOT = iphoneos;
			};
			name = Debug;
		};
		96678E2215DB253D000C3B8B /* Release */ = {
			isa = XCBuildConfiguration;
			buildSettings = {
				ALWAYS_SEARCH_USER_PATHS = NO;
				ARCHS = "$(ARCHS_STANDARD_32_BIT)";
				CLANG_CXX_LANGUAGE_STANDARD = "gnu++0x";
				CLANG_ENABLE_OBJC_ARC = YES;
				CLANG_WARN__DUPLICATE_METHOD_MATCH = YES;
				"CODE_SIGN_IDENTITY[sdk=iphoneos*]" = "iPhone Developer";
				COPY_PHASE_STRIP = YES;
				GCC_C_LANGUAGE_STANDARD = gnu99;
				GCC_VERSION = com.apple.compilers.llvm.clang.1_0;
				GCC_WARN_ABOUT_RETURN_TYPE = YES;
				GCC_WARN_UNINITIALIZED_AUTOS = YES;
				GCC_WARN_UNUSED_VARIABLE = YES;
				IPHONEOS_DEPLOYMENT_TARGET = 5.1;
				OTHER_CFLAGS = "-DNS_BLOCK_ASSERTIONS=1";
				SDKROOT = iphoneos;
				VALIDATE_PRODUCT = YES;
			};
			name = Release;
		};
		96678E2415DB253D000C3B8B /* Debug */ = {
			isa = XCBuildConfiguration;
			buildSettings = {
				GCC_PRECOMPILE_PREFIX_HEADER = YES;
				GCC_PREFIX_HEADER = "RestKitProjects/RestKitProjects-Prefix.pch";
				INFOPLIST_FILE = "RestKitProjects/RestKitProjects-Info.plist";
				PRODUCT_NAME = "$(TARGET_NAME)";
				WRAPPER_EXTENSION = app;
			};
			name = Debug;
		};
		96678E2515DB253D000C3B8B /* Release */ = {
			isa = XCBuildConfiguration;
			buildSettings = {
				GCC_PRECOMPILE_PREFIX_HEADER = YES;
				GCC_PREFIX_HEADER = "RestKitProjects/RestKitProjects-Prefix.pch";
				INFOPLIST_FILE = "RestKitProjects/RestKitProjects-Info.plist";
				PRODUCT_NAME = "$(TARGET_NAME)";
				WRAPPER_EXTENSION = app;
			};
			name = Release;
		};
/* End XCBuildConfiguration section */

/* Begin XCConfigurationList section */
		96678DFF15DB253D000C3B8B /* Build configuration list for PBXProject "RestKitProjects" */ = {
			isa = XCConfigurationList;
			buildConfigurations = (
				96678E2115DB253D000C3B8B /* Debug */,
				96678E2215DB253D000C3B8B /* Release */,
			);
			defaultConfigurationIsVisible = 0;
			defaultConfigurationName = Release;
		};
		96678E2315DB253D000C3B8B /* Build configuration list for PBXNativeTarget "RestKitProjects" */ = {
			isa = XCConfigurationList;
			buildConfigurations = (
				96678E2415DB253D000C3B8B /* Debug */,
				96678E2515DB253D000C3B8B /* Release */,
			);
			defaultConfigurationIsVisible = 0;
		};
/* End XCConfigurationList section */
	};
	rootObject = 96678DFC15DB253D000C3B8B /* Project object */;
}
